
Microsoft Visual Studio Solution File, Format Version 12.00
# Visual Studio Version 17
VisualStudioVersion = 17.9.34723.18
MinimumVisualStudioVersion = 10.0.40219.1
Project("{9A19103F-16F7-4668-BE54-9A1E7A4F7556}") = "WebLinhKienDienTu15", "WebLinhKienDienTu\WebLinhKienDienTu15.csproj", "{BA8B8DA5-B5A5-4671-8DE8-10F3ECC94986}"
EndProject
Project("{9A19103F-16F7-4668-BE54-9A1E7A4F7556}") = "QLBH.DAL", "QLBH.DAL\QLBH.DAL.csproj", "{48FC2B49-1827-4ACA-B983-08E373354BF3}"
EndProject
Project("{9A19103F-16F7-4668-BE54-9A1E7A4F7556}") = "QLBH.BLL", "QLBH.BLL\QLBH.BLL.csproj", "{97335BBB-9C19-4531-B916-4288A234DD5E}"
EndProject
Project("{9A19103F-16F7-4668-BE54-9A1E7A4F7556}") = "QLBH.common", "QLBH.common\QLBH.common.csproj", "{4E2C0615-A90C-415E-A761-2329FFB635A0}"
EndProject
Global
	GlobalSection(SolutionConfigurationPlatforms) = preSolution
		Debug|Any CPU = Debug|Any CPU
		Release|Any CPU = Release|Any CPU
	EndGlobalSection
	GlobalSection(ProjectConfigurationPlatforms) = postSolution
		{BA8B8DA5-B5A5-4671-8DE8-10F3ECC94986}.Debug|Any CPU.ActiveCfg = Debug|Any CPU
		{BA8B8DA5-B5A5-4671-8DE8-10F3ECC94986}.Debug|Any CPU.Build.0 = Debug|Any CPU
		{BA8B8DA5-B5A5-4671-8DE8-10F3ECC94986}.Release|Any CPU.ActiveCfg = Release|Any CPU
		{BA8B8DA5-B5A5-4671-8DE8-10F3ECC94986}.Release|Any CPU.Build.0 = Release|Any CPU
		{48FC2B49-1827-4ACA-B983-08E373354BF3}.Debug|Any CPU.ActiveCfg = Debug|Any CPU
		{48FC2B49-1827-4ACA-B983-08E373354BF3}.Debug|Any CPU.Build.0 = Debug|Any CPU
		{48FC2B49-1827-4ACA-B983-08E373354BF3}.Release|Any CPU.ActiveCfg = Release|Any CPU
		{48FC2B49-1827-4ACA-B983-08E373354BF3}.Release|Any CPU.Build.0 = Release|Any CPU
		{97335BBB-9C19-4531-B916-4288A234DD5E}.Debug|Any CPU.ActiveCfg = Debug|Any CPU
		{97335BBB-9C19-4531-B916-4288A234DD5E}.Debug|Any CPU.Build.0 = Debug|Any CPU
		{97335BBB-9C19-4531-B916-4288A234DD5E}.Release|Any CPU.ActiveCfg = Release|Any CPU
		{97335BBB-9C19-4531-B916-4288A234DD5E}.Release|Any CPU.Build.0 = Release|Any CPU
		{4E2C0615-A90C-415E-A761-2329FFB635A0}.Debug|Any CPU.ActiveCfg = Debug|Any CPU
		{4E2C0615-A90C-415E-A761-2329FFB635A0}.Debug|Any CPU.Build.0 = Debug|Any CPU
		{4E2C0615-A90C-415E-A761-2329FFB635A0}.Release|Any CPU.ActiveCfg = Release|Any CPU
		{4E2C0615-A90C-415E-A761-2329FFB635A0}.Release|Any CPU.Build.0 = Release|Any CPU
	EndGlobalSection
	GlobalSection(SolutionProperties) = preSolution
		HideSolutionNode = FALSE
	EndGlobalSection
	GlobalSection(ExtensibilityGlobals) = postSolution
		SolutionGuid = {B6AD4784-E992-486D-A9F9-1897FBE0C92B}
	EndGlobalSection
EndGlobal
